Microsoft Visual Studio Solution File, Format Version 10.00
# Visual Studio 2008
Project("{FAE04EC0-301F-11D3-BF4B-00C04F79EFBC}") = "Area2DChart", "Area2DChart.csproj", "{CABD2D2C-F6DC-418B-A879-FCAE287CE708}"
EndProject
Global
	GlobalSection(SolutionConfigurationPlatforms) = preSolution
		Debug|Any CPU = Debug|Any CPU
		Release|Any CPU = Release|Any CPU
	EndGlobalSection
	GlobalSection(ProjectConfigurationPlatforms) = postSolution
		{CABD2D2C-F6DC-418B-A879-FCAE287CE708}.Debug|Any CPU.ActiveCfg = Debug|Any CPU
		{CABD2D2C-F6DC-418B-A879-FCAE287CE708}.Debug|Any CPU.Build.0 = Debug|Any CPU
		{CABD2D2C-F6DC-418B-A879-FCAE287CE708}.Release|Any CPU.ActiveCfg = Release|Any CPU
		{CABD2D2C-F6DC-418B-A879-FCAE287CE708}.Release|Any CPU.Build.0 = Release|Any CPU
	EndGlobalSection
	GlobalSection(SolutionProperties) = preSolution
		HideSolutionNode = FALSE
	EndGlobalSection
EndGlobal
